{
  "name": "elm-test-journey",
  "lockfileVersion": 2,
  "requires": true,
  "packages": {
    "": {
      "devDependencies": {
        "elm-tooling": "^1.10.0"
      }
    },
    "node_modules/elm-tooling": {
      "version": "1.10.0",
      "resolved": "https://registry.npmjs.org/elm-tooling/-/elm-tooling-1.10.0.tgz",
      "integrity": "sha512-fMLXs7xHpr6LodtmvVJKepYC6chgSOfe5Hgv8GcFO+Id7O/CuT9+CAfrlzYxvBn91cm6ekWwHFDjPD765v5iBA==",
      "dev": true,
      "bin": {
        "elm-tooling": "index.js"
      }
    }
  },
  "dependencies": {
    "elm-tooling": {
      "version": "1.10.0",
      "resolved": "https://registry.npmjs.org/elm-tooling/-/elm-tooling-1.10.0.tgz",
      "integrity": "sha512-fMLXs7xHpr6LodtmvVJKepYC6chgSOfe5Hgv8GcFO+Id7O/CuT9+CAfrlzYxvBn91cm6ekWwHFDjPD765v5iBA==",
      "dev": true
    }
  }
}
